
Microsoft Visual Studio Solution File, Format Version 12.00
# Visual Studio 14
VisualStudioVersion = 14.0.24720.0
MinimumVisualStudioVersion = 10.0.40219.1
Project("{FAE04EC0-301F-11D3-BF4B-00C04F79EFBC}") = "ComputationalCluster", "ComputationalCluster\ComputationalCluster.csproj", "{B2CB3AF0-E23B-4D32-A210-8A1FBD29663E}"
EndProject
Global
	GlobalSection(SolutionConfigurationPlatforms) = preSolution
		Debug|Any CPU = Debug|Any CPU
		Release|Any CPU = Release|Any CPU
	EndGlobalSection
	GlobalSection(ProjectConfigurationPlatforms) = postSolution
		{B2CB3AF0-E23B-4D32-A210-8A1FBD29663E}.Debug|Any CPU.ActiveCfg = Debug|Any CPU
		{B2CB3AF0-E23B-4D32-A210-8A1FBD29663E}.Debug|Any CPU.Build.0 = Debug|Any CPU
		{B2CB3AF0-E23B-4D32-A210-8A1FBD29663E}.Release|Any CPU.ActiveCfg = Release|Any CPU
		{B2CB3AF0-E23B-4D32-A210-8A1FBD29663E}.Release|Any CPU.Build.0 = Release|Any CPU
	EndGlobalSection
	GlobalSection(SolutionProperties) = preSolution
		HideSolutionNode = FALSE
	EndGlobalSection
EndGlobal
